// !$*UTF8*$!
{
	archiveVersion = 1;
	classes = {
	};
	objectVersion = 46;
	objects = {

/* Begin PBXBuildFile section */
		A8BA97C91DE6CF9D00D3E29E /* AppDelegate.swift in Sources */ = {isa = PBXBuildFile; fileRef = A8BA97C81DE6CF9D00D3E29E /* AppDelegate.swift */; };
		A8BA97CB1DE6CF9D00D3E29E /* ViewController.swift in Sources */ = {isa = PBXBuildFile; fileRef = A8BA97CA1DE6CF9D00D3E29E /* ViewController.swift */; };
		A8BA97CE1DE6CF9D00D3E29E /* Main.storyboard in Resources */ = {isa = PBXBuildFile; fileRef = A8BA97CC1DE6CF9D00D3E29E /* Main.storyboard */; };
		A8BA97D01DE6CF9D00D3E29E /* Assets.xcassets in Resources */ = {isa = PBXBuildFile; fileRef = A8BA97CF1DE6CF9D00D3E29E /* Assets.xcassets */; };
		A8BA97D31DE6CF9D00D3E29E /* LaunchScreen.storyboard in Resources */ = {isa = PBXBuildFile; fileRef = A8BA97D11DE6CF9D00D3E29E /* LaunchScreen.storyboard */; };
		A8BA97DB1DE6D02B00D3E29E /* numberCollection.swift in Sources */ = {isa = PBXBuildFile; fileRef = A8BA97DA1DE6D02B00D3E29E /* numberCollection.swift */; };
		A8BA97DD1DE6DBE600D3E29E /* numberCell.swift in Sources */ = {isa = PBXBuildFile; fileRef = A8BA97DC1DE6DBE600D3E29E /* numberCell.swift */; };
/* End PBXBuildFile section */

/* Begin PBXFileReference section */
		A8BA97C51DE6CF9D00D3E29E /* Sieve of Eratosthenes Application.app */ = {isa = PBXFileReference; explicitFileType = wrapper.application; includeInIndex = 0; path = "Sieve of Eratosthenes Application.app"; sourceTree = BUILT_PRODUCTS_DIR; };
		A8BA97C81DE6CF9D00D3E29E /* AppDelegate.swift */ = {isa = PBXFileReference; lastKnownFileType = sourcecode.swift; path = AppDelegate.swift; sourceTree = "<group>"; };
		A8BA97CA1DE6CF9D00D3E29E /* ViewController.swift */ = {isa = PBXFileReference; lastKnownFileType = sourcecode.swift; path = ViewController.swift; sourceTree = "<group>"; };
		A8BA97CD1DE6CF9D00D3E29E /* Base */ = {isa = PBXFileReference; lastKnownFileType = file.storyboard; name = Base; path = Base.lproj/Main.storyboard; sourceTree = "<group>"; };
		A8BA97CF1DE6CF9D00D3E29E /* Assets.xcassets */ = {isa = PBXFileReference; lastKnownFileType = folder.assetcatalog; path = Assets.xcassets; sourceTree = "<group>"; };
		A8BA97D21DE6CF9D00D3E29E /* Base */ = {isa = PBXFileReference; lastKnownFileType = file.storyboard; name = Base; path = Base.lproj/LaunchScreen.storyboard; sourceTree = "<group>"; };
		A8BA97D41DE6CF9D00D3E29E /* Info.plist */ = {isa = PBXFileReference; lastKnownFileType = text.plist.xml; path = Info.plist; sourceTree = "<group>"; };
		A8BA97DA1DE6D02B00D3E29E /* numberCollection.swift */ = {isa = PBXFileReference; fileEncoding = 4; lastKnownFileType = sourcecode.swift; path = numberCollection.swift; sourceTree = "<group>"; };
		A8BA97DC1DE6DBE600D3E29E /* numberCell.swift */ = {isa = PBXFileReference; fileEncoding = 4; lastKnownFileType = sourcecode.swift; path = numberCell.swift; sourceTree = "<group>"; };
/* End PBXFileReference section */

/* Begin PBXFrameworksBuildPhase section */
		A8BA97C21DE6CF9D00D3E29E /* Frameworks */ = {
			isa = PBXFrameworksBuildPhase;
			buildActionMask = 2147483647;
			files = (
			);
			runOnlyForDeploymentPostprocessing = 0;
		};
/* End PBXFrameworksBuildPhase section */

/* Begin PBXGroup section */
		A8BA97BC1DE6CF9D00D3E29E = {
			isa = PBXGroup;
			children = (
				A8BA97C71DE6CF9D00D3E29E /* Sieve of Eratosthenes Application */,
				A8BA97C61DE6CF9D00D3E29E /* Products */,
			);
			sourceTree = "<group>";
		};
		A8BA97C61DE6CF9D00D3E29E /* Products */ = {
			isa = PBXGroup;
			children = (
				A8BA97C51DE6CF9D00D3E29E /* Sieve of Eratosthenes Application.app */,
			);
			name = Products;
			sourceTree = "<group>";
		};
		A8BA97C71DE6CF9D00D3E29E /* Sieve of Eratosthenes Application */ = {
			isa = PBXGroup;
			children = (
				A8BA97C81DE6CF9D00D3E29E /* AppDelegate.swift */,
				A8BA97CA1DE6CF9D00D3E29E /* ViewController.swift */,
				A8BA97DC1DE6DBE600D3E29E /* numberCell.swift */,
				A8BA97CC1DE6CF9D00D3E29E /* Main.storyboard */,
				A8BA97CF1DE6CF9D00D3E29E /* Assets.xcassets */,
				A8BA97D11DE6CF9D00D3E29E /* LaunchScreen.storyboard */,
				A8BA97D41DE6CF9D00D3E29E /* Info.plist */,
				A8BA97DA1DE6D02B00D3E29E /* numberCollection.swift */,
			);
			path = "Sieve of Eratosthenes Application";
			sourceTree = "<group>";
		};
/* End PBXGroup section */

/* Begin PBXNativeTarget section */
		A8BA97C41DE6CF9D00D3E29E /* Sieve of Eratosthenes Application */ = {
			isa = PBXNativeTarget;
			buildConfigurationList = A8BA97D71DE6CF9D00D3E29E /* Build configuration list for PBXNativeTarget "Sieve of Eratosthenes Application" */;
			buildPhases = (
				A8BA97C11DE6CF9D00D3E29E /* Sources */,
				A8BA97C21DE6CF9D00D3E29E /* Frameworks */,
				A8BA97C31DE6CF9D00D3E29E /* Resources */,
			);
			buildRules = (
			);
			dependencies = (
			);
			name = "Sieve of Eratosthenes Application";
			productName = "Sieve of Eratosthenes Application";
			productReference = A8BA97C51DE6CF9D00D3E29E /* Sieve of Eratosthenes Application.app */;
			productType = "com.apple.product-type.application";
		};
/* End PBXNativeTarget section */

/* Begin PBXProject section */
		A8BA97BD1DE6CF9D00D3E29E /* Project object */ = {
			isa = PBXProject;
			attributes = {
				LastSwiftUpdateCheck = 0720;
				LastUpgradeCheck = 0720;
				ORGANIZATIONNAME = RyanKnauer;
				TargetAttributes = {
					A8BA97C41DE6CF9D00D3E29E = {
						CreatedOnToolsVersion = 7.2.1;
						DevelopmentTeam = H2K8BR3S4K;
					};
				};
			};
			buildConfigurationList = A8BA97C01DE6CF9D00D3E29E /* Build configuration list for PBXProject "Sieve of Eratosthenes Application" */;
			compatibilityVersion = "Xcode 3.2";
			developmentRegion = English;
			hasScannedForEncodings = 0;
			knownRegions = (
				en,
				Base,
			);
			mainGroup = A8BA97BC1DE6CF9D00D3E29E;
			productRefGroup = A8BA97C61DE6CF9D00D3E29E /* Products */;
			projectDirPath = "";
			projectRoot = "";
			targets = (
				A8BA97C41DE6CF9D00D3E29E /* Sieve of Eratosthenes Application */,
			);
		};
/* End PBXProject section */

/* Begin PBXResourcesBuildPhase section */
		A8BA97C31DE6CF9D00D3E29E /* Resources */ = {
			isa = PBXResourcesBuildPhase;
			buildActionMask = 2147483647;
			files = (
				A8BA97D31DE6CF9D00D3E29E /* LaunchScreen.storyboard in Resources */,
				A8BA97D01DE6CF9D00D3E29E /* Assets.xcassets in Resources */,
				A8BA97CE1DE6CF9D00D3E29E /* Main.storyboard in Resources */,
			);
			runOnlyForDeploymentPostprocessing = 0;
		};
/* End PBXResourcesBuildPhase section */

/* Begin PBXSourcesBuildPhase section */
		A8BA97C11DE6CF9D00D3E29E /* Sources */ = {
			isa = PBXSourcesBuildPhase;
			buildActionMask = 2147483647;
			files = (
				A8BA97DD1DE6DBE600D3E29E /* numberCell.swift in Sources */,
				A8BA97CB1DE6CF9D00D3E29E /* ViewController.swift in Sources */,
				A8BA97C91DE6CF9D00D3E29E /* AppDelegate.swift in Sources */,
				A8BA97DB1DE6D02B00D3E29E /* numberCollection.swift in Sources */,
			);
			runOnlyForDeploymentPostprocessing = 0;
		};
/* End PBXSourcesBuildPhase section */

/* Begin PBXVariantGroup section */
		A8BA97CC1DE6CF9D00D3E29E /* Main.storyboard */ = {
			isa = PBXVariantGroup;
			children = (
				A8BA97CD1DE6CF9D00D3E29E /* Base */,
			);
			name = Main.storyboard;
			sourceTree = "<group>";
		};
		A8BA97D11DE6CF9D00D3E29E /* LaunchScreen.storyboard */ = {
			isa = PBXVariantGroup;
			children = (
				A8BA97D21DE6CF9D00D3E29E /* Base */,
			);
			name = LaunchScreen.storyboard;
			sourceTree = "<group>";
		};
/* End PBXVariantGroup section */

/* Begin XCBuildConfiguration section */
		A8BA97D51DE6CF9D00D3E29E /* Debug */ = {
			isa = XCBuildConfiguration;
			buildSettings = {
				ALWAYS_SEARCH_USER_PATHS = NO;
				CLANG_CXX_LANGUAGE_STANDARD = "gnu++0x";
				CLANG_CXX_LIBRARY = "libc++";
				CLANG_ENABLE_MODULES = YES;
				CLANG_ENABLE_OBJC_ARC = YES;
				CLANG_WARN_BOOL_CONVERSION = YES;
				CLANG_WARN_CONSTANT_CONVERSION = YES;
				CLANG_WARN_DIRECT_OBJC_ISA_USAGE = YES_ERROR;
				CLANG_WARN_EMPTY_BODY = YES;
				CLANG_WARN_ENUM_CONVERSION = YES;
				CLANG_WARN_INT_CONVERSION = YES;
				CLANG_WARN_OBJC_ROOT_CLASS = YES_ERROR;
				CLANG_WARN_UNREACHABLE_CODE = YES;
				CLANG_WARN__DUPLICATE_METHOD_MATCH = YES;
				"CODE_SIGN_IDENTITY[sdk=iphoneos*]" = "iPhone Developer";
				COPY_PHASE_STRIP = NO;
				DEBUG_INFORMATION_FORMAT = dwarf;
				ENABLE_STRICT_OBJC_MSGSEND = YES;
				ENABLE_TESTABILITY = YES;
				GCC_C_LANGUAGE_STANDARD = gnu99;
				GCC_DYNAMIC_NO_PIC = NO;
				GCC_NO_COMMON_BLOCKS = YES;
				GCC_OPTIMIZATION_LEVEL = 0;
				GCC_PREPROCESSOR_DEFINITIONS = (
					"DEBUG=1",
					"$(inherited)",
				);
				GCC_WARN_64_TO_32_BIT_CONVERSION = YES;
				GCC_WARN_ABOUT_RETURN_TYPE = YES_ERROR;
				GCC_WARN_UNDECLARED_SELECTOR = YES;
				GCC_WARN_UNINITIALIZED_AUTOS = YES_AGGRESSIVE;
				GCC_WARN_UNUSED_FUNCTION = YES;
				GCC_WARN_UNUSED_VARIABLE = YES;
				IPHONEOS_DEPLOYMENT_TARGET = 9.2;
				MTL_ENABLE_DEBUG_INFO = YES;
				ONLY_ACTIVE_ARCH = YES;
				SDKROOT = iphoneos;
				SWIFT_OPTIMIZATION_LEVEL = "-Onone";
			};
			name = Debug;
		};
		A8BA97D61DE6CF9D00D3E29E /* Release */ = {
			isa = XCBuildConfiguration;
			buildSettings = {
				ALWAYS_SEARCH_USER_PATHS = NO;
				CLANG_CXX_LANGUAGE_STANDARD = "gnu++0x";
				CLANG_CXX_LIBRARY = "libc++";
				CLANG_ENABLE_MODULES = YES;
				CLANG_ENABLE_OBJC_ARC = YES;
				CLANG_WARN_BOOL_CONVERSION = YES;
				CLANG_WARN_CONSTANT_CONVERSION = YES;
				CLANG_WARN_DIRECT_OBJC_ISA_USAGE = YES_ERROR;
				CLANG_WARN_EMPTY_BODY = YES;
				CLANG_WARN_ENUM_CONVERSION = YES;
				CLANG_WARN_INT_CONVERSION = YES;
				CLANG_WARN_OBJC_ROOT_CLASS = YES_ERROR;
				CLANG_WARN_UNREACHABLE_CODE = YES;
				CLANG_WARN__DUPLICATE_METHOD_MATCH = YES;
				"CODE_SIGN_IDENTITY[sdk=iphoneos*]" = "iPhone Developer";
				COPY_PHASE_STRIP = NO;
				DEBUG_INFORMATION_FORMAT = "dwarf-with-dsym";
				ENABLE_NS_ASSERTIONS = NO;
				ENABLE_STRICT_OBJC_MSGSEND = YES;
				GCC_C_LANGUAGE_STANDARD = gnu99;
				GCC_NO_COMMON_BLOCKS = YES;
				GCC_WARN_64_TO_32_BIT_CONVERSION = YES;
				GCC_WARN_ABOUT_RETURN_TYPE = YES_ERROR;
				GCC_WARN_UNDECLARED_SELECTOR = YES;
				GCC_WARN_UNINITIALIZED_AUTOS = YES_AGGRESSIVE;
				GCC_WARN_UNUSED_FUNCTION = YES;
				GCC_WARN_UNUSED_VARIABLE = YES;
				IPHONEOS_DEPLOYMENT_TARGET = 9.2;
				MTL_ENABLE_DEBUG_INFO = NO;
				SDKROOT = iphoneos;
				VALIDATE_PRODUCT = YES;
			};
			name = Release;
		};
		A8BA97D81DE6CF9D00D3E29E /* Debug */ = {
			isa = XCBuildConfiguration;
			buildSettings = {
				ASSETCATALOG_COMPILER_APPICON_NAME = AppIcon;
				INFOPLIST_FILE = "Sieve of Eratosthenes Application/Info.plist";
				LD_RUNPATH_SEARCH_PATHS = "$(inherited) @executable_path/Frameworks";
				PRODUCT_BUNDLE_IDENTIFIER = "com.ryan.Sieve-of-Eratosthenes-Application";
				PRODUCT_NAME = "$(TARGET_NAME)";
			};
			name = Debug;
		};
		A8BA97D91DE6CF9D00D3E29E /* Release */ = {
			isa = XCBuildConfiguration;
			buildSettings = {
				ASSETCATALOG_COMPILER_APPICON_NAME = AppIcon;
				INFOPLIST_FILE = "Sieve of Eratosthenes Application/Info.plist";
				LD_RUNPATH_SEARCH_PATHS = "$(inherited) @executable_path/Frameworks";
				PRODUCT_BUNDLE_IDENTIFIER = "com.ryan.Sieve-of-Eratosthenes-Application";
				PRODUCT_NAME = "$(TARGET_NAME)";
			};
			name = Release;
		};
/* End XCBuildConfiguration section */

/* Begin XCConfigurationList section */
		A8BA97C01DE6CF9D00D3E29E /* Build configuration list for PBXProject "Sieve of Eratosthenes Application" */ = {
			isa = XCConfigurationList;
			buildConfigurations = (
				A8BA97D51DE6CF9D00D3E29E /* Debug */,
				A8BA97D61DE6CF9D00D3E29E /* Release */,
			);
			defaultConfigurationIsVisible = 0;
			defaultConfigurationName = Release;
		};
		A8BA97D71DE6CF9D00D3E29E /* Build configuration list for PBXNativeTarget "Sieve of Eratosthenes Application" */ = {
			isa = XCConfigurationList;
			buildConfigurations = (
				A8BA97D81DE6CF9D00D3E29E /* Debug */,
				A8BA97D91DE6CF9D00D3E29E /* Release */,
			);
			defaultConfigurationIsVisible = 0;
		};
/* End XCConfigurationList section */
	};
	rootObject = A8BA97BD1DE6CF9D00D3E29E /* Project object */;
}
